
Microsoft Visual Studio Solution File, Format Version 12.00
# Visual Studio Version 17
VisualStudioVersion = 17.13.35828.75 d17.13
MinimumVisualStudioVersion = 10.0.40219.1
Project("{FAE04EC0-301F-11D3-BF4B-00C04F79EFBC}") = "Biblioteca", "Biblioteca\Biblioteca.csproj", "{ADFD5AD9-05CE-4065-AEE6-11A50E6E0167}"
EndProject
Global
	GlobalSection(SolutionConfigurationPlatforms) = preSolution
		Debug|Any CPU = Debug|Any CPU
		Release|Any CPU = Release|Any CPU
	EndGlobalSection
	GlobalSection(ProjectConfigurationPlatforms) = postSolution
		{ADFD5AD9-05CE-4065-AEE6-11A50E6E0167}.Debug|Any CPU.ActiveCfg = Debug|Any CPU
		{ADFD5AD9-05CE-4065-AEE6-11A50E6E0167}.Debug|Any CPU.Build.0 = Debug|Any CPU
		{ADFD5AD9-05CE-4065-AEE6-11A50E6E0167}.Release|Any CPU.ActiveCfg = Release|Any CPU
		{ADFD5AD9-05CE-4065-AEE6-11A50E6E0167}.Release|Any CPU.Build.0 = Release|Any CPU
	EndGlobalSection
	GlobalSection(SolutionProperties) = preSolution
		HideSolutionNode = FALSE
	EndGlobalSection
	GlobalSection(ExtensibilityGlobals) = postSolution
		SolutionGuid = {04A791BB-6BAB-4676-A95C-E5C6B6845D1C}
	EndGlobalSection
EndGlobal
